
Microsoft Visual Studio Solution File, Format Version 12.00
# Visual Studio Version 17
VisualStudioVersion = 17.5.33424.131
MinimumVisualStudioVersion = 10.0.40219.1
Project("{FAE04EC0-301F-11D3-BF4B-00C04F79EFBC}") = "Exercicio_6", "Exercicio_6\Exercicio_6.csproj", "{E69B343F-0B8E-4DD7-AEA7-5035A1F34CD6}"
EndProject
Global
	GlobalSection(SolutionConfigurationPlatforms) = preSolution
		Debug|Any CPU = Debug|Any CPU
		Release|Any CPU = Release|Any CPU
	EndGlobalSection
	GlobalSection(ProjectConfigurationPlatforms) = postSolution
		{E69B343F-0B8E-4DD7-AEA7-5035A1F34CD6}.Debug|Any CPU.ActiveCfg = Debug|Any CPU
		{E69B343F-0B8E-4DD7-AEA7-5035A1F34CD6}.Debug|Any CPU.Build.0 = Debug|Any CPU
		{E69B343F-0B8E-4DD7-AEA7-5035A1F34CD6}.Release|Any CPU.ActiveCfg = Release|Any CPU
		{E69B343F-0B8E-4DD7-AEA7-5035A1F34CD6}.Release|Any CPU.Build.0 = Release|Any CPU
	EndGlobalSection
	GlobalSection(SolutionProperties) = preSolution
		HideSolutionNode = FALSE
	EndGlobalSection
	GlobalSection(ExtensibilityGlobals) = postSolution
		SolutionGuid = {E4D89C6E-47D5-419F-8F13-DF4401F12FFB}
	EndGlobalSection
EndGlobal
