
Microsoft Visual Studio Solution File, Format Version 12.00
# Visual Studio Version 17
VisualStudioVersion = 17.5.33424.131
MinimumVisualStudioVersion = 10.0.40219.1
Project("{FAE04EC0-301F-11D3-BF4B-00C04F79EFBC}") = "exercicio_01_parte_03", "exercicio_01_parte_03\exercicio_01_parte_03.csproj", "{095889C4-74ED-4B55-BBD2-317E1605FD9A}"
EndProject
Global
	GlobalSection(SolutionConfigurationPlatforms) = preSolution
		Debug|Any CPU = Debug|Any CPU
		Release|Any CPU = Release|Any CPU
	EndGlobalSection
	GlobalSection(ProjectConfigurationPlatforms) = postSolution
		{095889C4-74ED-4B55-BBD2-317E1605FD9A}.Debug|Any CPU.ActiveCfg = Debug|Any CPU
		{095889C4-74ED-4B55-BBD2-317E1605FD9A}.Debug|Any CPU.Build.0 = Debug|Any CPU
		{095889C4-74ED-4B55-BBD2-317E1605FD9A}.Release|Any CPU.ActiveCfg = Release|Any CPU
		{095889C4-74ED-4B55-BBD2-317E1605FD9A}.Release|Any CPU.Build.0 = Release|Any CPU
	EndGlobalSection
	GlobalSection(SolutionProperties) = preSolution
		HideSolutionNode = FALSE
	EndGlobalSection
	GlobalSection(ExtensibilityGlobals) = postSolution
		SolutionGuid = {3029686D-0548-4E28-9978-CF046C79FC63}
	EndGlobalSection
EndGlobal
