
Microsoft Visual Studio Solution File, Format Version 12.00
# Visual Studio Version 17
VisualStudioVersion = 17.5.33424.131
MinimumVisualStudioVersion = 10.0.40219.1
Project("{FAE04EC0-301F-11D3-BF4B-00C04F79EFBC}") = "aula_32", "aula_32\aula_32.csproj", "{042A390A-C36D-4497-B127-5C047A521688}"
EndProject
Global
	GlobalSection(SolutionConfigurationPlatforms) = preSolution
		Debug|Any CPU = Debug|Any CPU
		Release|Any CPU = Release|Any CPU
	EndGlobalSection
	GlobalSection(ProjectConfigurationPlatforms) = postSolution
		{042A390A-C36D-4497-B127-5C047A521688}.Debug|Any CPU.ActiveCfg = Debug|Any CPU
		{042A390A-C36D-4497-B127-5C047A521688}.Debug|Any CPU.Build.0 = Debug|Any CPU
		{042A390A-C36D-4497-B127-5C047A521688}.Release|Any CPU.ActiveCfg = Release|Any CPU
		{042A390A-C36D-4497-B127-5C047A521688}.Release|Any CPU.Build.0 = Release|Any CPU
	EndGlobalSection
	GlobalSection(SolutionProperties) = preSolution
		HideSolutionNode = FALSE
	EndGlobalSection
	GlobalSection(ExtensibilityGlobals) = postSolution
		SolutionGuid = {81E25213-88CC-4D73-A8BB-780BEC836242}
	EndGlobalSection
EndGlobal
