
Microsoft Visual Studio Solution File, Format Version 12.00
# Visual Studio Version 17
VisualStudioVersion = 17.5.33424.131
MinimumVisualStudioVersion = 10.0.40219.1
Project("{FAE04EC0-301F-11D3-BF4B-00C04F79EFBC}") = "Exercicio_4", "Exercicio_4\Exercicio_4.csproj", "{AB6AD3B4-DFE0-49E1-91B0-61A77CBCBE75}"
EndProject
Global
	GlobalSection(SolutionConfigurationPlatforms) = preSolution
		Debug|Any CPU = Debug|Any CPU
		Release|Any CPU = Release|Any CPU
	EndGlobalSection
	GlobalSection(ProjectConfigurationPlatforms) = postSolution
		{AB6AD3B4-DFE0-49E1-91B0-61A77CBCBE75}.Debug|Any CPU.ActiveCfg = Debug|Any CPU
		{AB6AD3B4-DFE0-49E1-91B0-61A77CBCBE75}.Debug|Any CPU.Build.0 = Debug|Any CPU
		{AB6AD3B4-DFE0-49E1-91B0-61A77CBCBE75}.Release|Any CPU.ActiveCfg = Release|Any CPU
		{AB6AD3B4-DFE0-49E1-91B0-61A77CBCBE75}.Release|Any CPU.Build.0 = Release|Any CPU
	EndGlobalSection
	GlobalSection(SolutionProperties) = preSolution
		HideSolutionNode = FALSE
	EndGlobalSection
	GlobalSection(ExtensibilityGlobals) = postSolution
		SolutionGuid = {A1CB4B5D-445F-4DD2-A7C0-1E761CB5EAB0}
	EndGlobalSection
EndGlobal
